
Microsoft Visual Studio Solution File, Format Version 12.00
# Visual Studio Version 17
VisualStudioVersion = 17.4.33213.308
MinimumVisualStudioVersion = 10.0.40219.1
Project("{FAE04EC0-301F-11D3-BF4B-00C04F79EFBC}") = "WpfAppGridConInkCanvas", "WpfAppGridConInkCanvas\WpfAppGridConInkCanvas.csproj", "{5ACF20F2-0FE4-4B19-BFA6-D0DB9C4AAA50}"
EndProject
Global
	GlobalSection(SolutionConfigurationPlatforms) = preSolution
		Debug|Any CPU = Debug|Any CPU
		Release|Any CPU = Release|Any CPU
	EndGlobalSection
	GlobalSection(ProjectConfigurationPlatforms) = postSolution
		{5ACF20F2-0FE4-4B19-BFA6-D0DB9C4AAA50}.Debug|Any CPU.ActiveCfg = Debug|Any CPU
		{5ACF20F2-0FE4-4B19-BFA6-D0DB9C4AAA50}.Debug|Any CPU.Build.0 = Debug|Any CPU
		{5ACF20F2-0FE4-4B19-BFA6-D0DB9C4AAA50}.Release|Any CPU.ActiveCfg = Release|Any CPU
		{5ACF20F2-0FE4-4B19-BFA6-D0DB9C4AAA50}.Release|Any CPU.Build.0 = Release|Any CPU
	EndGlobalSection
	GlobalSection(SolutionProperties) = preSolution
		HideSolutionNode = FALSE
	EndGlobalSection
	GlobalSection(ExtensibilityGlobals) = postSolution
		SolutionGuid = {F860527B-3CD1-499F-A258-20085508FAC8}
	EndGlobalSection
EndGlobal
