
Microsoft Visual Studio Solution File, Format Version 12.00
# Visual Studio Version 17
VisualStudioVersion = 17.4.33213.308
MinimumVisualStudioVersion = 10.0.40219.1
Project("{FAE04EC0-301F-11D3-BF4B-00C04F79EFBC}") = "WpfLinQ0", "WpfLinQ0\WpfLinQ0.csproj", "{F2CE6967-EA25-4A63-98BA-91B37D5979D6}"
EndProject
Global
	GlobalSection(SolutionConfigurationPlatforms) = preSolution
		Debug|Any CPU = Debug|Any CPU
		Release|Any CPU = Release|Any CPU
	EndGlobalSection
	GlobalSection(ProjectConfigurationPlatforms) = postSolution
		{F2CE6967-EA25-4A63-98BA-91B37D5979D6}.Debug|Any CPU.ActiveCfg = Debug|Any CPU
		{F2CE6967-EA25-4A63-98BA-91B37D5979D6}.Debug|Any CPU.Build.0 = Debug|Any CPU
		{F2CE6967-EA25-4A63-98BA-91B37D5979D6}.Release|Any CPU.ActiveCfg = Release|Any CPU
		{F2CE6967-EA25-4A63-98BA-91B37D5979D6}.Release|Any CPU.Build.0 = Release|Any CPU
	EndGlobalSection
	GlobalSection(SolutionProperties) = preSolution
		HideSolutionNode = FALSE
	EndGlobalSection
	GlobalSection(ExtensibilityGlobals) = postSolution
		SolutionGuid = {712D51A0-1915-4701-9F70-A6BAB7F5A188}
	EndGlobalSection
EndGlobal
