
Microsoft Visual Studio Solution File, Format Version 12.00
# Visual Studio Version 17
VisualStudioVersion = 17.4.33213.308
MinimumVisualStudioVersion = 10.0.40219.1
Project("{FAE04EC0-301F-11D3-BF4B-00C04F79EFBC}") = "WpfListLibros", "WpfListLibros\WpfListLibros.csproj", "{B0517347-36FD-494F-A8C1-15A3BB9B8026}"
EndProject
Global
	GlobalSection(SolutionConfigurationPlatforms) = preSolution
		Debug|Any CPU = Debug|Any CPU
		Release|Any CPU = Release|Any CPU
	EndGlobalSection
	GlobalSection(ProjectConfigurationPlatforms) = postSolution
		{B0517347-36FD-494F-A8C1-15A3BB9B8026}.Debug|Any CPU.ActiveCfg = Debug|Any CPU
		{B0517347-36FD-494F-A8C1-15A3BB9B8026}.Debug|Any CPU.Build.0 = Debug|Any CPU
		{B0517347-36FD-494F-A8C1-15A3BB9B8026}.Release|Any CPU.ActiveCfg = Release|Any CPU
		{B0517347-36FD-494F-A8C1-15A3BB9B8026}.Release|Any CPU.Build.0 = Release|Any CPU
	EndGlobalSection
	GlobalSection(SolutionProperties) = preSolution
		HideSolutionNode = FALSE
	EndGlobalSection
	GlobalSection(ExtensibilityGlobals) = postSolution
		SolutionGuid = {EBE97AA5-D73C-48C5-9CAB-C4AE009A497D}
	EndGlobalSection
EndGlobal
