
Microsoft Visual Studio Solution File, Format Version 12.00
# Visual Studio Version 17
VisualStudioVersion = 17.4.33213.308
MinimumVisualStudioVersion = 10.0.40219.1
Project("{FAE04EC0-301F-11D3-BF4B-00C04F79EFBC}") = "WpfExamenCorreccion", "WpfExamenCorreccion\WpfExamenCorreccion.csproj", "{BE3BFE0E-51C7-442E-AB7E-6D016AFEF563}"
EndProject
Global
	GlobalSection(SolutionConfigurationPlatforms) = preSolution
		Debug|Any CPU = Debug|Any CPU
		Release|Any CPU = Release|Any CPU
	EndGlobalSection
	GlobalSection(ProjectConfigurationPlatforms) = postSolution
		{BE3BFE0E-51C7-442E-AB7E-6D016AFEF563}.Debug|Any CPU.ActiveCfg = Debug|Any CPU
		{BE3BFE0E-51C7-442E-AB7E-6D016AFEF563}.Debug|Any CPU.Build.0 = Debug|Any CPU
		{BE3BFE0E-51C7-442E-AB7E-6D016AFEF563}.Release|Any CPU.ActiveCfg = Release|Any CPU
		{BE3BFE0E-51C7-442E-AB7E-6D016AFEF563}.Release|Any CPU.Build.0 = Release|Any CPU
	EndGlobalSection
	GlobalSection(SolutionProperties) = preSolution
		HideSolutionNode = FALSE
	EndGlobalSection
	GlobalSection(ExtensibilityGlobals) = postSolution
		SolutionGuid = {96D81E1F-F89D-47E1-AD78-49C9AA4FE773}
	EndGlobalSection
EndGlobal
