
Microsoft Visual Studio Solution File, Format Version 12.00
# Visual Studio Version 17
VisualStudioVersion = 17.3.32901.215
MinimumVisualStudioVersion = 10.0.40219.1
Project("{FAE04EC0-301F-11D3-BF4B-00C04F79EFBC}") = "WpfCafetera", "WpfCafetera.csproj", "{57CA9149-AB89-49AC-890A-C474EF70662A}"
EndProject
Global
	GlobalSection(SolutionConfigurationPlatforms) = preSolution
		Debug|Any CPU = Debug|Any CPU
		Release|Any CPU = Release|Any CPU
	EndGlobalSection
	GlobalSection(ProjectConfigurationPlatforms) = postSolution
		{57CA9149-AB89-49AC-890A-C474EF70662A}.Debug|Any CPU.ActiveCfg = Debug|Any CPU
		{57CA9149-AB89-49AC-890A-C474EF70662A}.Debug|Any CPU.Build.0 = Debug|Any CPU
		{57CA9149-AB89-49AC-890A-C474EF70662A}.Release|Any CPU.ActiveCfg = Release|Any CPU
		{57CA9149-AB89-49AC-890A-C474EF70662A}.Release|Any CPU.Build.0 = Release|Any CPU
	EndGlobalSection
	GlobalSection(SolutionProperties) = preSolution
		HideSolutionNode = FALSE
	EndGlobalSection
	GlobalSection(ExtensibilityGlobals) = postSolution
		SolutionGuid = {7505BABC-430C-411E-B0B8-82AAE1539113}
	EndGlobalSection
EndGlobal
