
Microsoft Visual Studio Solution File, Format Version 12.00
# Visual Studio Version 17
VisualStudioVersion = 17.8.34322.80
MinimumVisualStudioVersion = 10.0.40219.1
Project("{FAE04EC0-301F-11D3-BF4B-00C04F79EFBC}") = "MauiAppEj1Restaurante", "MauiAppEj1Restaurante\MauiAppEj1Restaurante.csproj", "{3AFAE9B1-4494-4094-8B6E-AC5D7B59CAB9}"
EndProject
Global
	GlobalSection(SolutionConfigurationPlatforms) = preSolution
		Debug|Any CPU = Debug|Any CPU
		Release|Any CPU = Release|Any CPU
	EndGlobalSection
	GlobalSection(ProjectConfigurationPlatforms) = postSolution
		{3AFAE9B1-4494-4094-8B6E-AC5D7B59CAB9}.Debug|Any CPU.ActiveCfg = Debug|Any CPU
		{3AFAE9B1-4494-4094-8B6E-AC5D7B59CAB9}.Debug|Any CPU.Build.0 = Debug|Any CPU
		{3AFAE9B1-4494-4094-8B6E-AC5D7B59CAB9}.Debug|Any CPU.Deploy.0 = Debug|Any CPU
		{3AFAE9B1-4494-4094-8B6E-AC5D7B59CAB9}.Release|Any CPU.ActiveCfg = Release|Any CPU
		{3AFAE9B1-4494-4094-8B6E-AC5D7B59CAB9}.Release|Any CPU.Build.0 = Release|Any CPU
		{3AFAE9B1-4494-4094-8B6E-AC5D7B59CAB9}.Release|Any CPU.Deploy.0 = Release|Any CPU
	EndGlobalSection
	GlobalSection(SolutionProperties) = preSolution
		HideSolutionNode = FALSE
	EndGlobalSection
	GlobalSection(ExtensibilityGlobals) = postSolution
		SolutionGuid = {5172F037-476A-468A-8A47-FC48E31D6ED1}
	EndGlobalSection
EndGlobal
