
Microsoft Visual Studio Solution File, Format Version 12.00
# Visual Studio Version 17
VisualStudioVersion = 17.4.33213.308
MinimumVisualStudioVersion = 10.0.40219.1
Project("{FAE04EC0-301F-11D3-BF4B-00C04F79EFBC}") = "WpfAppEstilos", "WpfAppEstilos\WpfAppEstilos.csproj", "{7D1ED671-7DFC-4ACA-830E-47411E3B17CD}"
EndProject
Global
	GlobalSection(SolutionConfigurationPlatforms) = preSolution
		Debug|Any CPU = Debug|Any CPU
		Release|Any CPU = Release|Any CPU
	EndGlobalSection
	GlobalSection(ProjectConfigurationPlatforms) = postSolution
		{7D1ED671-7DFC-4ACA-830E-47411E3B17CD}.Debug|Any CPU.ActiveCfg = Debug|Any CPU
		{7D1ED671-7DFC-4ACA-830E-47411E3B17CD}.Debug|Any CPU.Build.0 = Debug|Any CPU
		{7D1ED671-7DFC-4ACA-830E-47411E3B17CD}.Release|Any CPU.ActiveCfg = Release|Any CPU
		{7D1ED671-7DFC-4ACA-830E-47411E3B17CD}.Release|Any CPU.Build.0 = Release|Any CPU
	EndGlobalSection
	GlobalSection(SolutionProperties) = preSolution
		HideSolutionNode = FALSE
	EndGlobalSection
	GlobalSection(ExtensibilityGlobals) = postSolution
		SolutionGuid = {AAA77953-1C84-4FDB-8E58-3205283F1673}
	EndGlobalSection
EndGlobal
